// !$*UTF8*$!
{
	archiveVersion = 1;
	classes = {
	};
	objectVersion = 46;
	objects = {

/* Begin PBXBuildFile section */
		0FF8B3DE48B68CCA97EB7B3C /* Pods_BUKDataSourcesKitDemo.framework in Frameworks */ = {isa = PBXBuildFile; fileRef = A887A676BF20E491CA609D89 /* Pods_BUKDataSourcesKitDemo.framework */; };
		1970F9F7ED2DDB2C061884A8 /* Pods_BUKDataSourcesKitTests.framework in Frameworks */ = {isa = PBXBuildFile; fileRef = 8FAEBC46385E3021250D83ED /* Pods_BUKDataSourcesKitTests.framework */; };
		6003F58E195388D20070C39A /* Foundation.framework in Frameworks */ = {isa = PBXBuildFile; fileRef = 6003F58D195388D20070C39A /* Foundation.framework */; };
		6003F590195388D20070C39A /* CoreGraphics.framework in Frameworks */ = {isa = PBXBuildFile; fileRef = 6003F58F195388D20070C39A /* CoreGraphics.framework */; };
		6003F592195388D20070C39A /* UIKit.framework in Frameworks */ = {isa = PBXBuildFile; fileRef = 6003F591195388D20070C39A /* UIKit.framework */; };
		6003F598195388D20070C39A /* InfoPlist.strings in Resources */ = {isa = PBXBuildFile; fileRef = 6003F596195388D20070C39A /* InfoPlist.strings */; };
		6003F59A195388D20070C39A /* main.m in Sources */ = {isa = PBXBuildFile; fileRef = 6003F599195388D20070C39A /* main.m */; };
		6003F59E195388D20070C39A /* BUKDemoAppDelegate.m in Sources */ = {isa = PBXBuildFile; fileRef = 6003F59D195388D20070C39A /* BUKDemoAppDelegate.m */; };
		6003F5A7195388D20070C39A /* BUKDemoRootViewController.m in Sources */ = {isa = PBXBuildFile; fileRef = 6003F5A6195388D20070C39A /* BUKDemoRootViewController.m */; };
		6003F5A9195388D20070C39A /* Images.xcassets in Resources */ = {isa = PBXBuildFile; fileRef = 6003F5A8195388D20070C39A /* Images.xcassets */; };
		6003F5B0195388D20070C39A /* XCTest.framework in Frameworks */ = {isa = PBXBuildFile; fileRef = 6003F5AF195388D20070C39A /* XCTest.framework */; };
		6003F5B1195388D20070C39A /* Foundation.framework in Frameworks */ = {isa = PBXBuildFile; fileRef = 6003F58D195388D20070C39A /* Foundation.framework */; };
		6003F5B2195388D20070C39A /* UIKit.framework in Frameworks */ = {isa = PBXBuildFile; fileRef = 6003F591195388D20070C39A /* UIKit.framework */; };
		6003F5BA195388D20070C39A /* InfoPlist.strings in Resources */ = {isa = PBXBuildFile; fileRef = 6003F5B8195388D20070C39A /* InfoPlist.strings */; };
		6003F5BC195388D20070C39A /* BUKTableViewRowTests.m in Sources */ = {isa = PBXBuildFile; fileRef = 6003F5BB195388D20070C39A /* BUKTableViewRowTests.m */; };
		F111A8AE1CBE4523002FE5E6 /* BUKDemoCollectionViewController.m in Sources */ = {isa = PBXBuildFile; fileRef = F111A8AD1CBE4523002FE5E6 /* BUKDemoCollectionViewController.m */; };
		F111A8B11CBE4543002FE5E6 /* BUKDemoSimpleTableViewController.m in Sources */ = {isa = PBXBuildFile; fileRef = F111A8B01CBE4543002FE5E6 /* BUKDemoSimpleTableViewController.m */; };
		F111A8B91CBF708E002FE5E6 /* BUKDemoSubtitleTableViewCell.m in Sources */ = {isa = PBXBuildFile; fileRef = F111A8B81CBF708E002FE5E6 /* BUKDemoSubtitleTableViewCell.m */; };
		F111A8C31CBF7F9D002FE5E6 /* BUKDemoTextViewModel.m in Sources */ = {isa = PBXBuildFile; fileRef = F111A8C21CBF7F9D002FE5E6 /* BUKDemoTextViewModel.m */; };
		F128CB031CBF9DFC000ADB19 /* BUKDemoValue1TableViewCell.m in Sources */ = {isa = PBXBuildFile; fileRef = F128CB021CBF9DFC000ADB19 /* BUKDemoValue1TableViewCell.m */; };
		F128CB061CBF9E0C000ADB19 /* BUKDemoValue2TableViewCell.m in Sources */ = {isa = PBXBuildFile; fileRef = F128CB051CBF9E0C000ADB19 /* BUKDemoValue2TableViewCell.m */; };
		F128CB091CBF9EF2000ADB19 /* BUKDemoImageViewModel.m in Sources */ = {isa = PBXBuildFile; fileRef = F128CB081CBF9EF2000ADB19 /* BUKDemoImageViewModel.m */; };
		F128CB0C1CC08C1D000ADB19 /* BUKDemoTableViewHeaderFooterView.m in Sources */ = {isa = PBXBuildFile; fileRef = F128CB0B1CC08C1D000ADB19 /* BUKDemoTableViewHeaderFooterView.m */; };
		F13860521CCE16FB004ED4F0 /* BUKDemoSubtitleCollectionViewCell.m in Sources */ = {isa = PBXBuildFile; fileRef = F13860511CCE16FB004ED4F0 /* BUKDemoSubtitleCollectionViewCell.m */; };
		F13860551CCE1A15004ED4F0 /* BUKDemoCollectionViewSectionHeaderView.m in Sources */ = {isa = PBXBuildFile; fileRef = F13860541CCE1A15004ED4F0 /* BUKDemoCollectionViewSectionHeaderView.m */; };
		F1517F141CE426C800D989E9 /* BUKTableViewCellFactoryTests.m in Sources */ = {isa = PBXBuildFile; fileRef = F1517F131CE426C800D989E9 /* BUKTableViewCellFactoryTests.m */; };
		F172A33D1C9C03FC00AA9F43 /* Launch Screen.storyboard in Resources */ = {isa = PBXBuildFile; fileRef = F172A33C1C9C03FC00AA9F43 /* Launch Screen.storyboard */; };
		F17DADD41CE3400900922C78 /* BUKTableViewSectionTests.m in Sources */ = {isa = PBXBuildFile; fileRef = F17DADD31CE3400900922C78 /* BUKTableViewSectionTests.m */; };
		F1A0722A1CE431F400C50DB9 /* BUKTableViewHeaderFooterViewFactoryTests.m in Sources */ = {isa = PBXBuildFile; fileRef = F1A072291CE431F400C50DB9 /* BUKTableViewHeaderFooterViewFactoryTests.m */; };
/* End PBXBuildFile section */

/* Begin PBXContainerItemProxy section */
		6003F5B3195388D20070C39A /* PBXContainerItemProxy */ = {
			isa = PBXContainerItemProxy;
			containerPortal = 6003F582195388D10070C39A /* Project object */;
			proxyType = 1;
			remoteGlobalIDString = 6003F589195388D20070C39A;
			remoteInfo = BUKDataSourcesKit;
		};
/* End PBXContainerItemProxy section */

/* Begin PBXFileReference section */
		6003F58A195388D20070C39A /* BUKDataSourcesKitDemo.app */ = {isa = PBXFileReference; explicitFileType = wrapper.application; includeInIndex = 0; path = BUKDataSourcesKitDemo.app; sourceTree = BUILT_PRODUCTS_DIR; };
		6003F58D195388D20070C39A /* Foundation.framework */ = {isa = PBXFileReference; lastKnownFileType = wrapper.framework; name = Foundation.framework; path = System/Library/Frameworks/Foundation.framework; sourceTree = SDKROOT; };
		6003F58F195388D20070C39A /* CoreGraphics.framework */ = {isa = PBXFileReference; lastKnownFileType = wrapper.framework; name = CoreGraphics.framework; path = System/Library/Frameworks/CoreGraphics.framework; sourceTree = SDKROOT; };
		6003F591195388D20070C39A /* UIKit.framework */ = {isa = PBXFileReference; lastKnownFileType = wrapper.framework; name = UIKit.framework; path = System/Library/Frameworks/UIKit.framework; sourceTree = SDKROOT; };
		6003F595195388D20070C39A /* BUKDataSourcesKit-Info.plist */ = {isa = PBXFileReference; lastKnownFileType = text.plist.xml; path = "BUKDataSourcesKit-Info.plist"; sourceTree = "<group>"; };
		6003F597195388D20070C39A /* en */ = {isa = PBXFileReference; lastKnownFileType = text.plist.strings; name = en; path = en.lproj/InfoPlist.strings; sourceTree = "<group>"; };
		6003F599195388D20070C39A /* main.m */ = {isa = PBXFileReference; lastKnownFileType = sourcecode.c.objc; path = main.m; sourceTree = "<group>"; };
		6003F59B195388D20070C39A /* BUKDataSourcesKit-Prefix.pch */ = {isa = PBXFileReference; lastKnownFileType = sourcecode.c.h; path = "BUKDataSourcesKit-Prefix.pch"; sourceTree = "<group>"; };
		6003F59C195388D20070C39A /* BUKDemoAppDelegate.h */ = {isa = PBXFileReference; lastKnownFileType = sourcecode.c.h; path = BUKDemoAppDelegate.h; sourceTree = "<group>"; };
		6003F59D195388D20070C39A /* BUKDemoAppDelegate.m */ = {isa = PBXFileReference; lastKnownFileType = sourcecode.c.objc; path = BUKDemoAppDelegate.m; sourceTree = "<group>"; };
		6003F5A5195388D20070C39A /* BUKDemoRootViewController.h */ = {isa = PBXFileReference; lastKnownFileType = sourcecode.c.h; path = BUKDemoRootViewController.h; sourceTree = "<group>"; };
		6003F5A6195388D20070C39A /* BUKDemoRootViewController.m */ = {isa = PBXFileReference; lastKnownFileType = sourcecode.c.objc; path = BUKDemoRootViewController.m; sourceTree = "<group>"; };
		6003F5A8195388D20070C39A /* Images.xcassets */ = {isa = PBXFileReference; lastKnownFileType = folder.assetcatalog; path = Images.xcassets; sourceTree = "<group>"; };
		6003F5AE195388D20070C39A /* BUKDataSourcesKitTests.xctest */ = {isa = PBXFileReference; explicitFileType = wrapper.cfbundle; includeInIndex = 0; path = BUKDataSourcesKitTests.xctest; sourceTree = BUILT_PRODUCTS_DIR; };
		6003F5AF195388D20070C39A /* XCTest.framework */ = {isa = PBXFileReference; lastKnownFileType = wrapper.framework; name = XCTest.framework; path = Library/Frameworks/XCTest.framework; sourceTree = DEVELOPER_DIR; };
		6003F5B7195388D20070C39A /* Tests-Info.plist */ = {isa = PBXFileReference; lastKnownFileType = text.plist.xml; path = "Tests-Info.plist"; sourceTree = "<group>"; };
		6003F5B9195388D20070C39A /* en */ = {isa = PBXFileReference; lastKnownFileType = text.plist.strings; name = en; path = en.lproj/InfoPlist.strings; sourceTree = "<group>"; };
		6003F5BB195388D20070C39A /* BUKTableViewRowTests.m */ = {isa = PBXFileReference; lastKnownFileType = sourcecode.c.objc; path = BUKTableViewRowTests.m; sourceTree = "<group>"; };
		606FC2411953D9B200FFA9A0 /* Tests-Prefix.pch */ = {isa = PBXFileReference; lastKnownFileType = sourcecode.c.h; path = "Tests-Prefix.pch"; sourceTree = "<group>"; };
		621317883BAEBF72CC0D1CE0 /* Pods-BUKDataSourcesKitTests.debug.xcconfig */ = {isa = PBXFileReference; includeInIndex = 1; lastKnownFileType = text.xcconfig; name = "Pods-BUKDataSourcesKitTests.debug.xcconfig"; path = "Pods/Target Support Files/Pods-BUKDataSourcesKitTests/Pods-BUKDataSourcesKitTests.debug.xcconfig"; sourceTree = "<group>"; };
		8739D0DB2E5D632345280C75 /* Pods-BUKDataSourcesKitDemo.release.xcconfig */ = {isa = PBXFileReference; includeInIndex = 1; lastKnownFileType = text.xcconfig; name = "Pods-BUKDataSourcesKitDemo.release.xcconfig"; path = "Pods/Target Support Files/Pods-BUKDataSourcesKitDemo/Pods-BUKDataSourcesKitDemo.release.xcconfig"; sourceTree = "<group>"; };
		8FAEBC46385E3021250D83ED /* Pods_BUKDataSourcesKitTests.framework */ = {isa = PBXFileReference; explicitFileType = wrapper.framework; includeInIndex = 0; path = Pods_BUKDataSourcesKitTests.framework; sourceTree = BUILT_PRODUCTS_DIR; };
		9A06A21F94FFC9E737AF1E62 /* Pods-BUKDataSourcesKitTests.release.xcconfig */ = {isa = PBXFileReference; includeInIndex = 1; lastKnownFileType = text.xcconfig; name = "Pods-BUKDataSourcesKitTests.release.xcconfig"; path = "Pods/Target Support Files/Pods-BUKDataSourcesKitTests/Pods-BUKDataSourcesKitTests.release.xcconfig"; sourceTree = "<group>"; };
		A887A676BF20E491CA609D89 /* Pods_BUKDataSourcesKitDemo.framework */ = {isa = PBXFileReference; explicitFileType = wrapper.framework; includeInIndex = 0; path = Pods_BUKDataSourcesKitDemo.framework; sourceTree = BUILT_PRODUCTS_DIR; };
		E49968CC4BA6D7983DB6A00B /* Pods-BUKDataSourcesKitDemo.debug.xcconfig */ = {isa = PBXFileReference; includeInIndex = 1; lastKnownFileType = text.xcconfig; name = "Pods-BUKDataSourcesKitDemo.debug.xcconfig"; path = "Pods/Target Support Files/Pods-BUKDataSourcesKitDemo/Pods-BUKDataSourcesKitDemo.debug.xcconfig"; sourceTree = "<group>"; };
		F111A8AC1CBE4523002FE5E6 /* BUKDemoCollectionViewController.h */ = {isa = PBXFileReference; fileEncoding = 4; lastKnownFileType = sourcecode.c.h; path = BUKDemoCollectionViewController.h; sourceTree = "<group>"; };
		F111A8AD1CBE4523002FE5E6 /* BUKDemoCollectionViewController.m */ = {isa = PBXFileReference; fileEncoding = 4; lastKnownFileType = sourcecode.c.objc; path = BUKDemoCollectionViewController.m; sourceTree = "<group>"; };
		F111A8AF1CBE4543002FE5E6 /* BUKDemoSimpleTableViewController.h */ = {isa = PBXFileReference; fileEncoding = 4; lastKnownFileType = sourcecode.c.h; path = BUKDemoSimpleTableViewController.h; sourceTree = "<group>"; };
		F111A8B01CBE4543002FE5E6 /* BUKDemoSimpleTableViewController.m */ = {isa = PBXFileReference; fileEncoding = 4; lastKnownFileType = sourcecode.c.objc; path = BUKDemoSimpleTableViewController.m; sourceTree = "<group>"; };
		F111A8B71CBF708E002FE5E6 /* BUKDemoSubtitleTableViewCell.h */ = {isa = PBXFileReference; fileEncoding = 4; lastKnownFileType = sourcecode.c.h; path = BUKDemoSubtitleTableViewCell.h; sourceTree = "<group>"; };
		F111A8B81CBF708E002FE5E6 /* BUKDemoSubtitleTableViewCell.m */ = {isa = PBXFileReference; fileEncoding = 4; lastKnownFileType = sourcecode.c.objc; path = BUKDemoSubtitleTableViewCell.m; sourceTree = "<group>"; };
		F111A8C11CBF7F9D002FE5E6 /* BUKDemoTextViewModel.h */ = {isa = PBXFileReference; fileEncoding = 4; lastKnownFileType = sourcecode.c.h; path = BUKDemoTextViewModel.h; sourceTree = "<group>"; };
		F111A8C21CBF7F9D002FE5E6 /* BUKDemoTextViewModel.m */ = {isa = PBXFileReference; fileEncoding = 4; lastKnownFileType = sourcecode.c.objc; path = BUKDemoTextViewModel.m; sourceTree = "<group>"; };
		F128CB011CBF9DFC000ADB19 /* BUKDemoValue1TableViewCell.h */ = {isa = PBXFileReference; fileEncoding = 4; lastKnownFileType = sourcecode.c.h; path = BUKDemoValue1TableViewCell.h; sourceTree = "<group>"; };
		F128CB021CBF9DFC000ADB19 /* BUKDemoValue1TableViewCell.m */ = {isa = PBXFileReference; fileEncoding = 4; lastKnownFileType = sourcecode.c.objc; path = BUKDemoValue1TableViewCell.m; sourceTree = "<group>"; };
		F128CB041CBF9E0C000ADB19 /* BUKDemoValue2TableViewCell.h */ = {isa = PBXFileReference; fileEncoding = 4; lastKnownFileType = sourcecode.c.h; path = BUKDemoValue2TableViewCell.h; sourceTree = "<group>"; };
		F128CB051CBF9E0C000ADB19 /* BUKDemoValue2TableViewCell.m */ = {isa = PBXFileReference; fileEncoding = 4; lastKnownFileType = sourcecode.c.objc; path = BUKDemoValue2TableViewCell.m; sourceTree = "<group>"; };
		F128CB071CBF9EF2000ADB19 /* BUKDemoImageViewModel.h */ = {isa = PBXFileReference; fileEncoding = 4; lastKnownFileType = sourcecode.c.h; path = BUKDemoImageViewModel.h; sourceTree = "<group>"; };
		F128CB081CBF9EF2000ADB19 /* BUKDemoImageViewModel.m */ = {isa = PBXFileReference; fileEncoding = 4; lastKnownFileType = sourcecode.c.objc; path = BUKDemoImageViewModel.m; sourceTree = "<group>"; };
		F128CB0A1CC08C1D000ADB19 /* BUKDemoTableViewHeaderFooterView.h */ = {isa = PBXFileReference; fileEncoding = 4; lastKnownFileType = sourcecode.c.h; path = BUKDemoTableViewHeaderFooterView.h; sourceTree = "<group>"; };
		F128CB0B1CC08C1D000ADB19 /* BUKDemoTableViewHeaderFooterView.m */ = {isa = PBXFileReference; fileEncoding = 4; lastKnownFileType = sourcecode.c.objc; path = BUKDemoTableViewHeaderFooterView.m; sourceTree = "<group>"; };
		F13860501CCE16FB004ED4F0 /* BUKDemoSubtitleCollectionViewCell.h */ = {isa = PBXFileReference; fileEncoding = 4; lastKnownFileType = sourcecode.c.h; path = BUKDemoSubtitleCollectionViewCell.h; sourceTree = "<group>"; };
		F13860511CCE16FB004ED4F0 /* BUKDemoSubtitleCollectionViewCell.m */ = {isa = PBXFileReference; fileEncoding = 4; lastKnownFileType = sourcecode.c.objc; path = BUKDemoSubtitleCollectionViewCell.m; sourceTree = "<group>"; };
		F13860531CCE1A15004ED4F0 /* BUKDemoCollectionViewSectionHeaderView.h */ = {isa = PBXFileReference; fileEncoding = 4; lastKnownFileType = sourcecode.c.h; path = BUKDemoCollectionViewSectionHeaderView.h; sourceTree = "<group>"; };
		F13860541CCE1A15004ED4F0 /* BUKDemoCollectionViewSectionHeaderView.m */ = {isa = PBXFileReference; fileEncoding = 4; lastKnownFileType = sourcecode.c.objc; path = BUKDemoCollectionViewSectionHeaderView.m; sourceTree = "<group>"; };
		F1517F131CE426C800D989E9 /* BUKTableViewCellFactoryTests.m */ = {isa = PBXFileReference; fileEncoding = 4; lastKnownFileType = sourcecode.c.objc; path = BUKTableViewCellFactoryTests.m; sourceTree = "<group>"; };
		F172A33C1C9C03FC00AA9F43 /* Launch Screen.storyboard */ = {isa = PBXFileReference; fileEncoding = 4; lastKnownFileType = file.storyboard; path = "Launch Screen.storyboard"; sourceTree = "<group>"; };
		F17DADD31CE3400900922C78 /* BUKTableViewSectionTests.m */ = {isa = PBXFileReference; fileEncoding = 4; lastKnownFileType = sourcecode.c.objc; path = BUKTableViewSectionTests.m; sourceTree = "<group>"; };
		F1A072291CE431F400C50DB9 /* BUKTableViewHeaderFooterViewFactoryTests.m */ = {isa = PBXFileReference; fileEncoding = 4; lastKnownFileType = sourcecode.c.objc; path = BUKTableViewHeaderFooterViewFactoryTests.m; sourceTree = "<group>"; };
/* End PBXFileReference section */

/* Begin PBXFrameworksBuildPhase section */
		6003F587195388D20070C39A /* Frameworks */ = {
			isa = PBXFrameworksBuildPhase;
			buildActionMask = 2147483647;
			files = (
				6003F590195388D20070C39A /* CoreGraphics.framework in Frameworks */,
				6003F592195388D20070C39A /* UIKit.framework in Frameworks */,
				6003F58E195388D20070C39A /* Foundation.framework in Frameworks */,
				0FF8B3DE48B68CCA97EB7B3C /* Pods_BUKDataSourcesKitDemo.framework in Frameworks */,
			);
			runOnlyForDeploymentPostprocessing = 0;
		};
		6003F5AB195388D20070C39A /* Frameworks */ = {
			isa = PBXFrameworksBuildPhase;
			buildActionMask = 2147483647;
			files = (
				6003F5B0195388D20070C39A /* XCTest.framework in Frameworks */,
				6003F5B2195388D20070C39A /* UIKit.framework in Frameworks */,
				6003F5B1195388D20070C39A /* Foundation.framework in Frameworks */,
				1970F9F7ED2DDB2C061884A8 /* Pods_BUKDataSourcesKitTests.framework in Frameworks */,
			);
			runOnlyForDeploymentPostprocessing = 0;
		};
/* End PBXFrameworksBuildPhase section */

/* Begin PBXGroup section */
		6003F581195388D10070C39A = {
			isa = PBXGroup;
			children = (
				6003F593195388D20070C39A /* BUKDataSourcesKitDemo */,
				6003F5B5195388D20070C39A /* Tests */,
				6003F58C195388D20070C39A /* Frameworks */,
				6003F58B195388D20070C39A /* Products */,
				B5A4BCDF4AE91BCA9A05570C /* Pods */,
			);
			sourceTree = "<group>";
		};
		6003F58B195388D20070C39A /* Products */ = {
			isa = PBXGroup;
			children = (
				6003F58A195388D20070C39A /* BUKDataSourcesKitDemo.app */,
				6003F5AE195388D20070C39A /* BUKDataSourcesKitTests.xctest */,
			);
			name = Products;
			sourceTree = "<group>";
		};
		6003F58C195388D20070C39A /* Frameworks */ = {
			isa = PBXGroup;
			children = (
				6003F58D195388D20070C39A /* Foundation.framework */,
				6003F58F195388D20070C39A /* CoreGraphics.framework */,
				6003F591195388D20070C39A /* UIKit.framework */,
				6003F5AF195388D20070C39A /* XCTest.framework */,
				A887A676BF20E491CA609D89 /* Pods_BUKDataSourcesKitDemo.framework */,
				8FAEBC46385E3021250D83ED /* Pods_BUKDataSourcesKitTests.framework */,
			);
			name = Frameworks;
			sourceTree = "<group>";
		};
		6003F593195388D20070C39A /* BUKDataSourcesKitDemo */ = {
			isa = PBXGroup;
			children = (
				F111A89C1CBE15DB002FE5E6 /* Classes */,
				F111A8A21CBE1628002FE5E6 /* Other Sources */,
				F111A8A11CBE1613002FE5E6 /* Resources */,
			);
			path = BUKDataSourcesKitDemo;
			sourceTree = "<group>";
		};
		6003F5B5195388D20070C39A /* Tests */ = {
			isa = PBXGroup;
			children = (
				6003F5B6195388D20070C39A /* Other Sources */,
				F111A8A31CBE164C002FE5E6 /* Resources */,
				6003F5BB195388D20070C39A /* BUKTableViewRowTests.m */,
				F17DADD31CE3400900922C78 /* BUKTableViewSectionTests.m */,
				F1517F131CE426C800D989E9 /* BUKTableViewCellFactoryTests.m */,
				F1A072291CE431F400C50DB9 /* BUKTableViewHeaderFooterViewFactoryTests.m */,
			);
			path = Tests;
			sourceTree = "<group>";
		};
		6003F5B6195388D20070C39A /* Other Sources */ = {
			isa = PBXGroup;
			children = (
				606FC2411953D9B200FFA9A0 /* Tests-Prefix.pch */,
			);
			path = "Other Sources";
			sourceTree = "<group>";
		};
		B5A4BCDF4AE91BCA9A05570C /* Pods */ = {
			isa = PBXGroup;
			children = (
				E49968CC4BA6D7983DB6A00B /* Pods-BUKDataSourcesKitDemo.debug.xcconfig */,
				8739D0DB2E5D632345280C75 /* Pods-BUKDataSourcesKitDemo.release.xcconfig */,
				621317883BAEBF72CC0D1CE0 /* Pods-BUKDataSourcesKitTests.debug.xcconfig */,
				9A06A21F94FFC9E737AF1E62 /* Pods-BUKDataSourcesKitTests.release.xcconfig */,
			);
			name = Pods;
			sourceTree = "<group>";
		};
		F111A89C1CBE15DB002FE5E6 /* Classes */ = {
			isa = PBXGroup;
			children = (
				F111A89D1CBE15E5002FE5E6 /* Application */,
				F111A8A01CBE1609002FE5E6 /* Models */,
				F111A89E1CBE15F6002FE5E6 /* View Controllers */,
				F111A89F1CBE1603002FE5E6 /* Views */,
			);
			path = Classes;
			sourceTree = "<group>";
		};
		F111A89D1CBE15E5002FE5E6 /* Application */ = {
			isa = PBXGroup;
			children = (
				6003F59C195388D20070C39A /* BUKDemoAppDelegate.h */,
				6003F59D195388D20070C39A /* BUKDemoAppDelegate.m */,
			);
			path = Application;
			sourceTree = "<group>";
		};
		F111A89E1CBE15F6002FE5E6 /* View Controllers */ = {
			isa = PBXGroup;
			children = (
				6003F5A5195388D20070C39A /* BUKDemoRootViewController.h */,
				6003F5A6195388D20070C39A /* BUKDemoRootViewController.m */,
				F17DADD21CE1E8B300922C78 /* Collection */,
				F17DADD11CE1E8A600922C78 /* Table */,
			);
			path = "View Controllers";
			sourceTree = "<group>";
		};
		F111A89F1CBE1603002FE5E6 /* Views */ = {
			isa = PBXGroup;
			children = (
				F111A8B71CBF708E002FE5E6 /* BUKDemoSubtitleTableViewCell.h */,
				F111A8B81CBF708E002FE5E6 /* BUKDemoSubtitleTableViewCell.m */,
				F128CB011CBF9DFC000ADB19 /* BUKDemoValue1TableViewCell.h */,
				F128CB021CBF9DFC000ADB19 /* BUKDemoValue1TableViewCell.m */,
				F128CB041CBF9E0C000ADB19 /* BUKDemoValue2TableViewCell.h */,
				F128CB051CBF9E0C000ADB19 /* BUKDemoValue2TableViewCell.m */,
				F128CB0A1CC08C1D000ADB19 /* BUKDemoTableViewHeaderFooterView.h */,
				F128CB0B1CC08C1D000ADB19 /* BUKDemoTableViewHeaderFooterView.m */,
				F13860501CCE16FB004ED4F0 /* BUKDemoSubtitleCollectionViewCell.h */,
				F13860511CCE16FB004ED4F0 /* BUKDemoSubtitleCollectionViewCell.m */,
				F13860531CCE1A15004ED4F0 /* BUKDemoCollectionViewSectionHeaderView.h */,
				F13860541CCE1A15004ED4F0 /* BUKDemoCollectionViewSectionHeaderView.m */,
			);
			path = Views;
			sourceTree = "<group>";
		};
		F111A8A01CBE1609002FE5E6 /* Models */ = {
			isa = PBXGroup;
			children = (
				F111A8C11CBF7F9D002FE5E6 /* BUKDemoTextViewModel.h */,
				F111A8C21CBF7F9D002FE5E6 /* BUKDemoTextViewModel.m */,
				F128CB071CBF9EF2000ADB19 /* BUKDemoImageViewModel.h */,
				F128CB081CBF9EF2000ADB19 /* BUKDemoImageViewModel.m */,
			);
			path = Models;
			sourceTree = "<group>";
		};
		F111A8A11CBE1613002FE5E6 /* Resources */ = {
			isa = PBXGroup;
			children = (
				6003F595195388D20070C39A /* BUKDataSourcesKit-Info.plist */,
				6003F5A8195388D20070C39A /* Images.xcassets */,
				6003F596195388D20070C39A /* InfoPlist.strings */,
				F172A33C1C9C03FC00AA9F43 /* Launch Screen.storyboard */,
			);
			path = Resources;
			sourceTree = "<group>";
		};
		F111A8A21CBE1628002FE5E6 /* Other Sources */ = {
			isa = PBXGroup;
			children = (
				6003F59B195388D20070C39A /* BUKDataSourcesKit-Prefix.pch */,
				6003F599195388D20070C39A /* main.m */,
			);
			path = "Other Sources";
			sourceTree = "<group>";
		};
		F111A8A31CBE164C002FE5E6 /* Resources */ = {
			isa = PBXGroup;
			children = (
				6003F5B8195388D20070C39A /* InfoPlist.strings */,
				6003F5B7195388D20070C39A /* Tests-Info.plist */,
			);
			path = Resources;
			sourceTree = "<group>";
		};
		F17DADD11CE1E8A600922C78 /* Table */ = {
			isa = PBXGroup;
			children = (
				F111A8AF1CBE4543002FE5E6 /* BUKDemoSimpleTableViewController.h */,
				F111A8B01CBE4543002FE5E6 /* BUKDemoSimpleTableViewController.m */,
			);
			name = Table;
			sourceTree = "<group>";
		};
		F17DADD21CE1E8B300922C78 /* Collection */ = {
			isa = PBXGroup;
			children = (
				F111A8AC1CBE4523002FE5E6 /* BUKDemoCollectionViewController.h */,
				F111A8AD1CBE4523002FE5E6 /* BUKDemoCollectionViewController.m */,
			);
			name = Collection;
			sourceTree = "<group>";
		};
/* End PBXGroup section */

/* Begin PBXNativeTarget section */
		6003F589195388D20070C39A /* BUKDataSourcesKitDemo */ = {
			isa = PBXNativeTarget;
			buildConfigurationList = 6003F5BF195388D20070C39A /* Build configuration list for PBXNativeTarget "BUKDataSourcesKitDemo" */;
			buildPhases = (
				D90A7C6A48E4D13F1CDCF5C0 /* 📦 Check Pods Manifest.lock */,
				6003F586195388D20070C39A /* Sources */,
				6003F587195388D20070C39A /* Frameworks */,
				6003F588195388D20070C39A /* Resources */,
				01C7949A5709FAC70284D264 /* 📦 Embed Pods Frameworks */,
				FC9B3D9C2A9A1A778643FF54 /* 📦 Copy Pods Resources */,
			);
			buildRules = (
			);
			dependencies = (
			);
			name = BUKDataSourcesKitDemo;
			productName = BUKDataSourcesKit;
			productReference = 6003F58A195388D20070C39A /* BUKDataSourcesKitDemo.app */;
			productType = "com.apple.product-type.application";
		};
		6003F5AD195388D20070C39A /* BUKDataSourcesKitTests */ = {
			isa = PBXNativeTarget;
			buildConfigurationList = 6003F5C2195388D20070C39A /* Build configuration list for PBXNativeTarget "BUKDataSourcesKitTests" */;
			buildPhases = (
				1CE8CD2162D58E67722AC913 /* 📦 Check Pods Manifest.lock */,
				6003F5AA195388D20070C39A /* Sources */,
				6003F5AB195388D20070C39A /* Frameworks */,
				6003F5AC195388D20070C39A /* Resources */,
				C451514E7DD6D8D82A451F08 /* 📦 Embed Pods Frameworks */,
				BE6EFC0001625005A533D934 /* 📦 Copy Pods Resources */,
			);
			buildRules = (
			);
			dependencies = (
				6003F5B4195388D20070C39A /* PBXTargetDependency */,
			);
			name = BUKDataSourcesKitTests;
			productName = BUKDataSourcesKitTests;
			productReference = 6003F5AE195388D20070C39A /* BUKDataSourcesKitTests.xctest */;
			productType = "com.apple.product-type.bundle.unit-test";
		};
/* End PBXNativeTarget section */

/* Begin PBXProject section */
		6003F582195388D10070C39A /* Project object */ = {
			isa = PBXProject;
			attributes = {
				CLASSPREFIX = BUK;
				LastUpgradeCheck = 0720;
				ORGANIZATIONNAME = "Yiming Tang";
				TargetAttributes = {
					6003F5AD195388D20070C39A = {
						TestTargetID = 6003F589195388D20070C39A;
					};
				};
			};
			buildConfigurationList = 6003F585195388D10070C39A /* Build configuration list for PBXProject "BUKDataSourcesKit" */;
			compatibilityVersion = "Xcode 3.2";
			developmentRegion = English;
			hasScannedForEncodings = 0;
			knownRegions = (
				en,
				Base,
			);
			mainGroup = 6003F581195388D10070C39A;
			productRefGroup = 6003F58B195388D20070C39A /* Products */;
			projectDirPath = "";
			projectRoot = "";
			targets = (
				6003F589195388D20070C39A /* BUKDataSourcesKitDemo */,
				6003F5AD195388D20070C39A /* BUKDataSourcesKitTests */,
			);
		};
/* End PBXProject section */

/* Begin PBXResourcesBuildPhase section */
		6003F588195388D20070C39A /* Resources */ = {
			isa = PBXResourcesBuildPhase;
			buildActionMask = 2147483647;
			files = (
				F172A33D1C9C03FC00AA9F43 /* Launch Screen.storyboard in Resources */,
				6003F5A9195388D20070C39A /* Images.xcassets in Resources */,
				6003F598195388D20070C39A /* InfoPlist.strings in Resources */,
			);
			runOnlyForDeploymentPostprocessing = 0;
		};
		6003F5AC195388D20070C39A /* Resources */ = {
			isa = PBXResourcesBuildPhase;
			buildActionMask = 2147483647;
			files = (
				6003F5BA195388D20070C39A /* InfoPlist.strings in Resources */,
			);
			runOnlyForDeploymentPostprocessing = 0;
		};
/* End PBXResourcesBuildPhase section */

/* Begin PBXShellScriptBuildPhase section */
		01C7949A5709FAC70284D264 /* 📦 Embed Pods Frameworks */ = {
			isa = PBXShellScriptBuildPhase;
			buildActionMask = 2147483647;
			files = (
			);
			inputPaths = (
			);
			name = "📦 Embed Pods Frameworks";
			outputPaths = (
			);
			runOnlyForDeploymentPostprocessing = 0;
			shellPath = /bin/sh;
			shellScript = "\"${SRCROOT}/Pods/Target Support Files/Pods-BUKDataSourcesKitDemo/Pods-BUKDataSourcesKitDemo-frameworks.sh\"\n";
			showEnvVarsInLog = 0;
		};
		1CE8CD2162D58E67722AC913 /* 📦 Check Pods Manifest.lock */ = {
			isa = PBXShellScriptBuildPhase;
			buildActionMask = 2147483647;
			files = (
			);
			inputPaths = (
			);
			name = "📦 Check Pods Manifest.lock";
			outputPaths = (
			);
			runOnlyForDeploymentPostprocessing = 0;
			shellPath = /bin/sh;
			shellScript = "diff \"${PODS_ROOT}/../Podfile.lock\" \"${PODS_ROOT}/Manifest.lock\" > /dev/null\nif [[ $? != 0 ]] ; then\n    cat << EOM\nerror: The sandbox is not in sync with the Podfile.lock. Run 'pod install' or update your CocoaPods installation.\nEOM\n    exit 1\nfi\n";
			showEnvVarsInLog = 0;
		};
		BE6EFC0001625005A533D934 /* 📦 Copy Pods Resources */ = {
			isa = PBXShellScriptBuildPhase;
			buildActionMask = 2147483647;
			files = (
			);
			inputPaths = (
			);
			name = "📦 Copy Pods Resources";
			outputPaths = (
			);
			runOnlyForDeploymentPostprocessing = 0;
			shellPath = /bin/sh;
			shellScript = "\"${SRCROOT}/Pods/Target Support Files/Pods-BUKDataSourcesKitTests/Pods-BUKDataSourcesKitTests-resources.sh\"\n";
			showEnvVarsInLog = 0;
		};
		C451514E7DD6D8D82A451F08 /* 📦 Embed Pods Frameworks */ = {
			isa = PBXShellScriptBuildPhase;
			buildActionMask = 2147483647;
			files = (
			);
			inputPaths = (
			);
			name = "📦 Embed Pods Frameworks";
			outputPaths = (
			);
			runOnlyForDeploymentPostprocessing = 0;
			shellPath = /bin/sh;
			shellScript = "\"${SRCROOT}/Pods/Target Support Files/Pods-BUKDataSourcesKitTests/Pods-BUKDataSourcesKitTests-frameworks.sh\"\n";
			showEnvVarsInLog = 0;
		};
		D90A7C6A48E4D13F1CDCF5C0 /* 📦 Check Pods Manifest.lock */ = {
			isa = PBXShellScriptBuildPhase;
			buildActionMask = 2147483647;
			files = (
			);
			inputPaths = (
			);
			name = "📦 Check Pods Manifest.lock";
			outputPaths = (
			);
			runOnlyForDeploymentPostprocessing = 0;
			shellPath = /bin/sh;
			shellScript = "diff \"${PODS_ROOT}/../Podfile.lock\" \"${PODS_ROOT}/Manifest.lock\" > /dev/null\nif [[ $? != 0 ]] ; then\n    cat << EOM\nerror: The sandbox is not in sync with the Podfile.lock. Run 'pod install' or update your CocoaPods installation.\nEOM\n    exit 1\nfi\n";
			showEnvVarsInLog = 0;
		};
		FC9B3D9C2A9A1A778643FF54 /* 📦 Copy Pods Resources */ = {
			isa = PBXShellScriptBuildPhase;
			buildActionMask = 2147483647;
			files = (
			);
			inputPaths = (
			);
			name = "📦 Copy Pods Resources";
			outputPaths = (
			);
			runOnlyForDeploymentPostprocessing = 0;
			shellPath = /bin/sh;
			shellScript = "\"${SRCROOT}/Pods/Target Support Files/Pods-BUKDataSourcesKitDemo/Pods-BUKDataSourcesKitDemo-resources.sh\"\n";
			showEnvVarsInLog = 0;
		};
/* End PBXShellScriptBuildPhase section */

/* Begin PBXSourcesBuildPhase section */
		6003F586195388D20070C39A /* Sources */ = {
			isa = PBXSourcesBuildPhase;
			buildActionMask = 2147483647;
			files = (
				6003F59E195388D20070C39A /* BUKDemoAppDelegate.m in Sources */,
				6003F5A7195388D20070C39A /* BUKDemoRootViewController.m in Sources */,
				F111A8C31CBF7F9D002FE5E6 /* BUKDemoTextViewModel.m in Sources */,
				F111A8AE1CBE4523002FE5E6 /* BUKDemoCollectionViewController.m in Sources */,
				F13860521CCE16FB004ED4F0 /* BUKDemoSubtitleCollectionViewCell.m in Sources */,
				6003F59A195388D20070C39A /* main.m in Sources */,
				F128CB0C1CC08C1D000ADB19 /* BUKDemoTableViewHeaderFooterView.m in Sources */,
				F111A8B11CBE4543002FE5E6 /* BUKDemoSimpleTableViewController.m in Sources */,
				F128CB091CBF9EF2000ADB19 /* BUKDemoImageViewModel.m in Sources */,
				F13860551CCE1A15004ED4F0 /* BUKDemoCollectionViewSectionHeaderView.m in Sources */,
				F128CB061CBF9E0C000ADB19 /* BUKDemoValue2TableViewCell.m in Sources */,
				F111A8B91CBF708E002FE5E6 /* BUKDemoSubtitleTableViewCell.m in Sources */,
				F128CB031CBF9DFC000ADB19 /* BUKDemoValue1TableViewCell.m in Sources */,
			);
			runOnlyForDeploymentPostprocessing = 0;
		};
		6003F5AA195388D20070C39A /* Sources */ = {
			isa = PBXSourcesBuildPhase;
			buildActionMask = 2147483647;
			files = (
				F1A0722A1CE431F400C50DB9 /* BUKTableViewHeaderFooterViewFactoryTests.m in Sources */,
				F17DADD41CE3400900922C78 /* BUKTableViewSectionTests.m in Sources */,
				6003F5BC195388D20070C39A /* BUKTableViewRowTests.m in Sources */,
				F1517F141CE426C800D989E9 /* BUKTableViewCellFactoryTests.m in Sources */,
			);
			runOnlyForDeploymentPostprocessing = 0;
		};
/* End PBXSourcesBuildPhase section */

/* Begin PBXTargetDependency section */
		6003F5B4195388D20070C39A /* PBXTargetDependency */ = {
			isa = PBXTargetDependency;
			target = 6003F589195388D20070C39A /* BUKDataSourcesKitDemo */;
			targetProxy = 6003F5B3195388D20070C39A /* PBXContainerItemProxy */;
		};
/* End PBXTargetDependency section */

/* Begin PBXVariantGroup section */
		6003F596195388D20070C39A /* InfoPlist.strings */ = {
			isa = PBXVariantGroup;
			children = (
				6003F597195388D20070C39A /* en */,
			);
			name = InfoPlist.strings;
			path = .;
			sourceTree = "<group>";
		};
		6003F5B8195388D20070C39A /* InfoPlist.strings */ = {
			isa = PBXVariantGroup;
			children = (
				6003F5B9195388D20070C39A /* en */,
			);
			name = InfoPlist.strings;
			path = .;
			sourceTree = "<group>";
		};
/* End PBXVariantGroup section */

/* Begin XCBuildConfiguration section */
		6003F5BD195388D20070C39A /* Debug */ = {
			isa = XCBuildConfiguration;
			buildSettings = {
				ALWAYS_SEARCH_USER_PATHS = NO;
				CLANG_CXX_LANGUAGE_STANDARD = "gnu++0x";
				CLANG_CXX_LIBRARY = "libc++";
				CLANG_ENABLE_MODULES = YES;
				CLANG_ENABLE_OBJC_ARC = YES;
				CLANG_WARN_BOOL_CONVERSION = YES;
				CLANG_WARN_CONSTANT_CONVERSION = YES;
				CLANG_WARN_DIRECT_OBJC_ISA_USAGE = YES_ERROR;
				CLANG_WARN_EMPTY_BODY = YES;
				CLANG_WARN_ENUM_CONVERSION = YES;
				CLANG_WARN_INT_CONVERSION = YES;
				CLANG_WARN_OBJC_ROOT_CLASS = YES_ERROR;
				CLANG_WARN__DUPLICATE_METHOD_MATCH = YES;
				"CODE_SIGN_IDENTITY[sdk=iphoneos*]" = "iPhone Developer";
				COPY_PHASE_STRIP = NO;
				ENABLE_TESTABILITY = YES;
				GCC_C_LANGUAGE_STANDARD = gnu99;
				GCC_DYNAMIC_NO_PIC = NO;
				GCC_OPTIMIZATION_LEVEL = 0;
				GCC_PREPROCESSOR_DEFINITIONS = (
					"DEBUG=1",
					"$(inherited)",
				);
				GCC_SYMBOLS_PRIVATE_EXTERN = NO;
				GCC_WARN_64_TO_32_BIT_CONVERSION = YES;
				GCC_WARN_ABOUT_RETURN_TYPE = YES_ERROR;
				GCC_WARN_UNDECLARED_SELECTOR = YES;
				GCC_WARN_UNINITIALIZED_AUTOS = YES_AGGRESSIVE;
				GCC_WARN_UNUSED_FUNCTION = YES;
				GCC_WARN_UNUSED_VARIABLE = YES;
				IPHONEOS_DEPLOYMENT_TARGET = 8.0;
				ONLY_ACTIVE_ARCH = YES;
				SDKROOT = iphoneos;
				TARGETED_DEVICE_FAMILY = "1,2";
			};
			name = Debug;
		};
		6003F5BE195388D20070C39A /* Release */ = {
			isa = XCBuildConfiguration;
			buildSettings = {
				ALWAYS_SEARCH_USER_PATHS = NO;
				CLANG_CXX_LANGUAGE_STANDARD = "gnu++0x";
				CLANG_CXX_LIBRARY = "libc++";
				CLANG_ENABLE_MODULES = YES;
				CLANG_ENABLE_OBJC_ARC = YES;
				CLANG_WARN_BOOL_CONVERSION = YES;
				CLANG_WARN_CONSTANT_CONVERSION = YES;
				CLANG_WARN_DIRECT_OBJC_ISA_USAGE = YES_ERROR;
				CLANG_WARN_EMPTY_BODY = YES;
				CLANG_WARN_ENUM_CONVERSION = YES;
				CLANG_WARN_INT_CONVERSION = YES;
				CLANG_WARN_OBJC_ROOT_CLASS = YES_ERROR;
				CLANG_WARN__DUPLICATE_METHOD_MATCH = YES;
				"CODE_SIGN_IDENTITY[sdk=iphoneos*]" = "iPhone Developer";
				COPY_PHASE_STRIP = YES;
				ENABLE_NS_ASSERTIONS = NO;
				GCC_C_LANGUAGE_STANDARD = gnu99;
				GCC_WARN_64_TO_32_BIT_CONVERSION = YES;
				GCC_WARN_ABOUT_RETURN_TYPE = YES_ERROR;
				GCC_WARN_UNDECLARED_SELECTOR = YES;
				GCC_WARN_UNINITIALIZED_AUTOS = YES_AGGRESSIVE;
				GCC_WARN_UNUSED_FUNCTION = YES;
				GCC_WARN_UNUSED_VARIABLE = YES;
				IPHONEOS_DEPLOYMENT_TARGET = 8.0;
				SDKROOT = iphoneos;
				TARGETED_DEVICE_FAMILY = "1,2";
				VALIDATE_PRODUCT = YES;
			};
			name = Release;
		};
		6003F5C0195388D20070C39A /* Debug */ = {
			isa = XCBuildConfiguration;
			baseConfigurationReference = E49968CC4BA6D7983DB6A00B /* Pods-BUKDataSourcesKitDemo.debug.xcconfig */;
			buildSettings = {
				ASSETCATALOG_COMPILER_APPICON_NAME = AppIcon;
				ASSETCATALOG_COMPILER_LAUNCHIMAGE_NAME = LaunchImage;
				GCC_PRECOMPILE_PREFIX_HEADER = YES;
				GCC_PREFIX_HEADER = "BUKDataSourcesKitDemo/Other Sources/BUKDataSourcesKit-Prefix.pch";
				INFOPLIST_FILE = "BUKDataSourcesKitDemo/Resources/BUKDataSourcesKit-Info.plist";
				MODULE_NAME = ExampleApp;
				PRODUCT_BUNDLE_IDENTIFIER = "org.cocoapods.demo.${PRODUCT_NAME:rfc1034identifier}";
				PRODUCT_NAME = "$(TARGET_NAME)";
				WRAPPER_EXTENSION = app;
			};
			name = Debug;
		};
		6003F5C1195388D20070C39A /* Release */ = {
			isa = XCBuildConfiguration;
			baseConfigurationReference = 8739D0DB2E5D632345280C75 /* Pods-BUKDataSourcesKitDemo.release.xcconfig */;
			buildSettings = {
				ASSETCATALOG_COMPILER_APPICON_NAME = AppIcon;
				ASSETCATALOG_COMPILER_LAUNCHIMAGE_NAME = LaunchImage;
				GCC_PRECOMPILE_PREFIX_HEADER = YES;
				GCC_PREFIX_HEADER = "BUKDataSourcesKitDemo/Other Sources/BUKDataSourcesKit-Prefix.pch";
				INFOPLIST_FILE = "BUKDataSourcesKitDemo/Resources/BUKDataSourcesKit-Info.plist";
				MODULE_NAME = ExampleApp;
				PRODUCT_BUNDLE_IDENTIFIER = "org.cocoapods.demo.${PRODUCT_NAME:rfc1034identifier}";
				PRODUCT_NAME = "$(TARGET_NAME)";
				WRAPPER_EXTENSION = app;
			};
			name = Release;
		};
		6003F5C3195388D20070C39A /* Debug */ = {
			isa = XCBuildConfiguration;
			baseConfigurationReference = 621317883BAEBF72CC0D1CE0 /* Pods-BUKDataSourcesKitTests.debug.xcconfig */;
			buildSettings = {
				BUNDLE_LOADER = "$(TEST_HOST)";
				FRAMEWORK_SEARCH_PATHS = (
					"$(SDKROOT)/Developer/Library/Frameworks",
					"$(inherited)",
					"$(DEVELOPER_FRAMEWORKS_DIR)",
				);
				GCC_PRECOMPILE_PREFIX_HEADER = YES;
				GCC_PREFIX_HEADER = "Tests/Other Sources/Tests-Prefix.pch";
				GCC_PREPROCESSOR_DEFINITIONS = (
					"DEBUG=1",
					"$(inherited)",
				);
				INFOPLIST_FILE = "Tests/Resources/Tests-Info.plist";
				PRODUCT_BUNDLE_IDENTIFIER = "org.cocoapods.demo.${PRODUCT_NAME:rfc1034identifier}";
				PRODUCT_NAME = "$(TARGET_NAME)";
				TEST_HOST = "$(BUILT_PRODUCTS_DIR)/BUKDataSourcesKitDemo.app/BUKDataSourcesKitDemo";
				WRAPPER_EXTENSION = xctest;
			};
			name = Debug;
		};
		6003F5C4195388D20070C39A /* Release */ = {
			isa = XCBuildConfiguration;
			baseConfigurationReference = 9A06A21F94FFC9E737AF1E62 /* Pods-BUKDataSourcesKitTests.release.xcconfig */;
			buildSettings = {
				BUNDLE_LOADER = "$(TEST_HOST)";
				FRAMEWORK_SEARCH_PATHS = (
					"$(SDKROOT)/Developer/Library/Frameworks",
					"$(inherited)",
					"$(DEVELOPER_FRAMEWORKS_DIR)",
				);
				GCC_PRECOMPILE_PREFIX_HEADER = YES;
				GCC_PREFIX_HEADER = "Tests/Other Sources/Tests-Prefix.pch";
				INFOPLIST_FILE = "Tests/Resources/Tests-Info.plist";
				PRODUCT_BUNDLE_IDENTIFIER = "org.cocoapods.demo.${PRODUCT_NAME:rfc1034identifier}";
				PRODUCT_NAME = "$(TARGET_NAME)";
				TEST_HOST = "$(BUILT_PRODUCTS_DIR)/BUKDataSourcesKitDemo.app/BUKDataSourcesKitDemo";
				WRAPPER_EXTENSION = xctest;
			};
			name = Release;
		};
/* End XCBuildConfiguration section */

/* Begin XCConfigurationList section */
		6003F585195388D10070C39A /* Build configuration list for PBXProject "BUKDataSourcesKit" */ = {
			isa = XCConfigurationList;
			buildConfigurations = (
				6003F5BD195388D20070C39A /* Debug */,
				6003F5BE195388D20070C39A /* Release */,
			);
			defaultConfigurationIsVisible = 0;
			defaultConfigurationName = Release;
		};
		6003F5BF195388D20070C39A /* Build configuration list for PBXNativeTarget "BUKDataSourcesKitDemo" */ = {
			isa = XCConfigurationList;
			buildConfigurations = (
				6003F5C0195388D20070C39A /* Debug */,
				6003F5C1195388D20070C39A /* Release */,
			);
			defaultConfigurationIsVisible = 0;
			defaultConfigurationName = Release;
		};
		6003F5C2195388D20070C39A /* Build configuration list for PBXNativeTarget "BUKDataSourcesKitTests" */ = {
			isa = XCConfigurationList;
			buildConfigurations = (
				6003F5C3195388D20070C39A /* Debug */,
				6003F5C4195388D20070C39A /* Release */,
			);
			defaultConfigurationIsVisible = 0;
			defaultConfigurationName = Release;
		};
/* End XCConfigurationList section */
	};
	rootObject = 6003F582195388D10070C39A /* Project object */;
}
